
Microsoft Visual Studio Solution File, Format Version 12.00
# Visual Studio Version 16
VisualStudioVersion = 16.0.31702.278
MinimumVisualStudioVersion = 10.0.40219.1
Project("{FAE04EC0-301F-11D3-BF4B-00C04F79EFBC}") = "ConsoleHello", "ConsoleHello\ConsoleHello.csproj", "{D6B92A7C-ABBA-411A-B074-E9D13CFF9481}"
EndProject
Project("{FAE04EC0-301F-11D3-BF4B-00C04F79EFBC}") = "WpfHello", "WpfHello\WpfHello.csproj", "{2FC4CC0B-14A7-4CC7-91B2-087F82AB879E}"
EndProject
Global
	GlobalSection(SolutionConfigurationPlatforms) = preSolution
		Debug|Any CPU = Debug|Any CPU
		Release|Any CPU = Release|Any CPU
	EndGlobalSection
	GlobalSection(ProjectConfigurationPlatforms) = postSolution
		{D6B92A7C-ABBA-411A-B074-E9D13CFF9481}.Debug|Any CPU.ActiveCfg = Debug|Any CPU
		{D6B92A7C-ABBA-411A-B074-E9D13CFF9481}.Debug|Any CPU.Build.0 = Debug|Any CPU
		{D6B92A7C-ABBA-411A-B074-E9D13CFF9481}.Release|Any CPU.ActiveCfg = Release|Any CPU
		{D6B92A7C-ABBA-411A-B074-E9D13CFF9481}.Release|Any CPU.Build.0 = Release|Any CPU
		{2FC4CC0B-14A7-4CC7-91B2-087F82AB879E}.Debug|Any CPU.ActiveCfg = Debug|Any CPU
		{2FC4CC0B-14A7-4CC7-91B2-087F82AB879E}.Debug|Any CPU.Build.0 = Debug|Any CPU
		{2FC4CC0B-14A7-4CC7-91B2-087F82AB879E}.Release|Any CPU.ActiveCfg = Release|Any CPU
		{2FC4CC0B-14A7-4CC7-91B2-087F82AB879E}.Release|Any CPU.Build.0 = Release|Any CPU
	EndGlobalSection
	GlobalSection(SolutionProperties) = preSolution
		HideSolutionNode = FALSE
	EndGlobalSection
	GlobalSection(ExtensibilityGlobals) = postSolution
		SolutionGuid = {7E57024F-63AD-4E4A-92AC-D57FF44A449B}
	EndGlobalSection
EndGlobal
